<?xml version="1.0" encoding="utf-8"?>
<Project ToolsVersion="4.0" xmlns="http://schemas.microsoft.com/developer/msbuild/2003">
  <ItemGroup>
    <Filter Include="소스 파일">
      <UniqueIdentifier>{4FC737F1-C7A5-4376-A066-2A32D752A2FF}</UniqueIdentifier>
      <Extensions>cpp;c;cc;cxx;def;odl;idl;hpj;bat;asm;asmx</Extensions>
    </Filter>
    <Filter Include="헤더 파일">
      <UniqueIdentifier>{93995380-89BD-4b04-88EB-625FBE52EBFB}</UniqueIdentifier>
      <Extensions>h;hh;hpp;hxx;hm;inl;inc;ipp;xsd</Extensions>
    </Filter>
    <Filter Include="리소스 파일">
      <UniqueIdentifier>{67DA6AB6-F800-4c08-8B7A-83BB121AAD01}</UniqueIdentifier>
      <Extensions>rc;ico;cur;bmp;dlg;rc2;rct;bin;rgs;gif;jpg;jpeg;jpe;resx;tiff;tif;png;wav;mfcribbon-ms</Extensions>
    </Filter>
    <Filter Include="소스 파일\1000">
      <UniqueIdentifier>{0c82d089-9275-412d-bc43-45f2593b4783}</UniqueIdentifier>
    </Filter>
    <Filter Include="소스 파일\2000">
      <UniqueIdentifier>{86692808-d3fa-4681-a907-8fcf79f7dbd5}</UniqueIdentifier>
    </Filter>
    <Filter Include="소스 파일\3000">
      <UniqueIdentifier>{2c8b4c4a-014f-4236-9220-a3a3ef8f07f3}</UniqueIdentifier>
    </Filter>
    <Filter Include="소스 파일\4000">
      <UniqueIdentifier>{32cbc470-7c1f-4c74-8924-f969504eb1dc}</UniqueIdentifier>
    </Filter>
    <Filter Include="소스 파일\5000">
      <UniqueIdentifier>{2a50e415-cf31-414d-9e2a-7a19d78d1977}</UniqueIdentifier>
    </Filter>
    <Filter Include="소스 파일\6000">
      <UniqueIdentifier>{4353b593-f84c-4f40-b824-5f38db5438a1}</UniqueIdentifier>
    </Filter>
    <Filter Include="소스 파일\7000">
      <UniqueIdentifier>{7e6b65c1-959b-4fa2-99f5-25933e844dcc}</UniqueIdentifier>
    </Filter>
    <Filter Include="소스 파일\8000">
      <UniqueIdentifier>{eff7946a-a1c0-4f97-af6e-405a39d84c29}</UniqueIdentifier>
    </Filter>
    <Filter Include="소스 파일\9000">
      <UniqueIdentifier>{a2c5aa85-5da3-49ee-a4f6-901f40a19345}</UniqueIdentifier>
    </Filter>
    <Filter Include="소스 파일\10000">
      <UniqueIdentifier>{9cf7b9db-6a24-4c9c-842e-b55da99c2f59}</UniqueIdentifier>
    </Filter>
    <Filter Include="소스 파일\11000">
      <UniqueIdentifier>{10fc6ec1-91e6-4a91-841d-4d56587819e7}</UniqueIdentifier>
    </Filter>
    <Filter Include="소스 파일\12000">
      <UniqueIdentifier>{f5815b3b-ee6d-4a55-9af2-e139a9566aea}</UniqueIdentifier>
    </Filter>
    <Filter Include="소스 파일\13000">
      <UniqueIdentifier>{617c5f46-87d2-41e1-939d-fa97cf90e237}</UniqueIdentifier>
    </Filter>
    <Filter Include="소스 파일\14000">
      <UniqueIdentifier>{39365322-b1e9-4a85-8147-58e6ad48ac43}</UniqueIdentifier>
    </Filter>
    <Filter Include="소스 파일\15000">
      <UniqueIdentifier>{eec4a38c-20c1-4e71-bc31-a9e8e74c111f}</UniqueIdentifier>
    </Filter>
    <Filter Include="소스 파일\16000">
      <UniqueIdentifier>{878dac2f-e8be-4711-92e7-ac7cdf1846c4}</UniqueIdentifier>
    </Filter>
    <Filter Include="소스 파일\17000">
      <UniqueIdentifier>{b98791f8-85fb-411d-966a-0f0ed6ff6b9f}</UniqueIdentifier>
    </Filter>
  </ItemGroup>
  <ItemGroup>
    <ClCompile Include="0.cpp">
      <Filter>소스 파일</Filter>
    </ClCompile>
    <ClCompile Include="1107.cpp">
      <Filter>소스 파일\1000</Filter>
    </ClCompile>
    <ClCompile Include="1168.cpp">
      <Filter>소스 파일\1000</Filter>
    </ClCompile>
    <ClCompile Include="1182.cpp">
      <Filter>소스 파일\1000</Filter>
    </ClCompile>
    <ClCompile Include="1256.cpp">
      <Filter>소스 파일\1000</Filter>
    </ClCompile>
    <ClCompile Include="1261.cpp">
      <Filter>소스 파일\1000</Filter>
    </ClCompile>
    <ClCompile Include="1275.cpp">
      <Filter>소스 파일\1000</Filter>
    </ClCompile>
    <ClCompile Include="1280.cpp">
      <Filter>소스 파일\1000</Filter>
    </ClCompile>
    <ClCompile Include="1321.cpp">
      <Filter>소스 파일\1000</Filter>
    </ClCompile>
    <ClCompile Include="1365.cpp">
      <Filter>소스 파일\1000</Filter>
    </ClCompile>
    <ClCompile Include="1395.cpp">
      <Filter>소스 파일\1000</Filter>
    </ClCompile>
    <ClCompile Include="1451.cpp">
      <Filter>소스 파일\1000</Filter>
    </ClCompile>
    <ClCompile Include="1463.cpp">
      <Filter>소스 파일\1000</Filter>
    </ClCompile>
    <ClCompile Include="1476.cpp">
      <Filter>소스 파일\1000</Filter>
    </ClCompile>
    <ClCompile Include="1525.cpp">
      <Filter>소스 파일\1000</Filter>
    </ClCompile>
    <ClCompile Include="1644.cpp">
      <Filter>소스 파일\1000</Filter>
    </ClCompile>
    <ClCompile Include="1666.cpp">
      <Filter>소스 파일\1000</Filter>
    </ClCompile>
    <ClCompile Include="1697.cpp">
      <Filter>소스 파일\1000</Filter>
    </ClCompile>
    <ClCompile Include="1699.cpp">
      <Filter>소스 파일\1000</Filter>
    </ClCompile>
    <ClCompile Include="1759.cpp">
      <Filter>소스 파일\1000</Filter>
    </ClCompile>
    <ClCompile Include="1806.cpp">
      <Filter>소스 파일\1000</Filter>
    </ClCompile>
    <ClCompile Include="1849.cpp">
      <Filter>소스 파일\1000</Filter>
    </ClCompile>
    <ClCompile Include="1912.cpp">
      <Filter>소스 파일\1000</Filter>
    </ClCompile>
    <ClCompile Include="1922.cpp">
      <Filter>소스 파일\1000</Filter>
    </ClCompile>
    <ClCompile Include="1963.cpp">
      <Filter>소스 파일\1000</Filter>
    </ClCompile>
    <ClCompile Include="2003.cpp">
      <Filter>소스 파일\2000</Filter>
    </ClCompile>
    <ClCompile Include="2011.cpp">
      <Filter>소스 파일\2000</Filter>
    </ClCompile>
    <ClCompile Include="2014.cpp">
      <Filter>소스 파일\2000</Filter>
    </ClCompile>
    <ClCompile Include="2042.cpp">
      <Filter>소스 파일\2000</Filter>
    </ClCompile>
    <ClCompile Include="2133.cpp">
      <Filter>소스 파일\2000</Filter>
    </ClCompile>
    <ClCompile Include="2156.cpp">
      <Filter>소스 파일\2000</Filter>
    </ClCompile>
    <ClCompile Include="2166.cpp">
      <Filter>소스 파일\2000</Filter>
    </ClCompile>
    <ClCompile Include="2186.cpp">
      <Filter>소스 파일\2000</Filter>
    </ClCompile>
    <ClCompile Include="2193.cpp">
      <Filter>소스 파일\2000</Filter>
    </ClCompile>
    <ClCompile Include="2225.cpp">
      <Filter>소스 파일\2000</Filter>
    </ClCompile>
    <ClCompile Include="2243.cpp">
      <Filter>소스 파일\2000</Filter>
    </ClCompile>
    <ClCompile Include="2251.cpp">
      <Filter>소스 파일\2000</Filter>
    </ClCompile>
    <ClCompile Include="2252.cpp">
      <Filter>소스 파일\2000</Filter>
    </ClCompile>
    <ClCompile Include="2268.cpp">
      <Filter>소스 파일\2000</Filter>
    </ClCompile>
    <ClCompile Include="2336.cpp">
      <Filter>소스 파일\2000</Filter>
    </ClCompile>
    <ClCompile Include="2357.cpp">
      <Filter>소스 파일\2000</Filter>
    </ClCompile>
    <ClCompile Include="2458.cpp">
      <Filter>소스 파일\2000</Filter>
    </ClCompile>
    <ClCompile Include="2517.cpp">
      <Filter>소스 파일\2000</Filter>
    </ClCompile>
    <ClCompile Include="2579.cpp">
      <Filter>소스 파일\2000</Filter>
    </ClCompile>
    <ClCompile Include="2580.cpp">
      <Filter>소스 파일\2000</Filter>
    </ClCompile>
    <ClCompile Include="2751.cpp">
      <Filter>소스 파일\2000</Filter>
    </ClCompile>
    <ClCompile Include="3002.cpp">
      <Filter>소스 파일\3000</Filter>
    </ClCompile>
    <ClCompile Include="3006.cpp">
      <Filter>소스 파일\3000</Filter>
    </ClCompile>
    <ClCompile Include="3108.cpp">
      <Filter>소스 파일\3000</Filter>
    </ClCompile>
    <ClCompile Include="3176.cpp">
      <Filter>소스 파일\3000</Filter>
    </ClCompile>
    <ClCompile Include="3190.cpp">
      <Filter>소스 파일\3000</Filter>
    </ClCompile>
    <ClCompile Include="3392.cpp">
      <Filter>소스 파일\3000</Filter>
    </ClCompile>
    <ClCompile Include="3653.cpp">
      <Filter>소스 파일\3000</Filter>
    </ClCompile>
    <ClCompile Include="3745.cpp">
      <Filter>소스 파일\3000</Filter>
    </ClCompile>
    <ClCompile Include="3830.cpp">
      <Filter>소스 파일\3000</Filter>
    </ClCompile>
    <ClCompile Include="5012.cpp">
      <Filter>소스 파일\5000</Filter>
    </ClCompile>
    <ClCompile Include="5014.cpp">
      <Filter>소스 파일\5000</Filter>
    </ClCompile>
    <ClCompile Include="5419.cpp">
      <Filter>소스 파일\5000</Filter>
    </ClCompile>
    <ClCompile Include="5557.cpp">
      <Filter>소스 파일\5000</Filter>
    </ClCompile>
    <ClCompile Include="5569.cpp">
      <Filter>소스 파일\5000</Filter>
    </ClCompile>
    <ClCompile Include="5573.cpp">
      <Filter>소스 파일\5000</Filter>
    </ClCompile>
    <ClCompile Include="5676.cpp">
      <Filter>소스 파일\5000</Filter>
    </ClCompile>
    <ClCompile Include="6549.cpp">
      <Filter>소스 파일\6000</Filter>
    </ClCompile>
    <ClCompile Include="6603.cpp">
      <Filter>소스 파일\6000</Filter>
    </ClCompile>
    <ClCompile Include="7578.cpp">
      <Filter>소스 파일\7000</Filter>
    </ClCompile>
    <ClCompile Include="9019.cpp">
      <Filter>소스 파일\9000</Filter>
    </ClCompile>
    <ClCompile Include="9037.cpp">
      <Filter>소스 파일\9000</Filter>
    </ClCompile>
    <ClCompile Include="9095.cpp">
      <Filter>소스 파일\9000</Filter>
    </ClCompile>
    <ClCompile Include="9345.cpp">
      <Filter>소스 파일\9000</Filter>
    </ClCompile>
    <ClCompile Include="9426.cpp">
      <Filter>소스 파일\9000</Filter>
    </ClCompile>
    <ClCompile Include="9461.cpp">
      <Filter>소스 파일\9000</Filter>
    </ClCompile>
    <ClCompile Include="9465.cpp">
      <Filter>소스 파일\9000</Filter>
    </ClCompile>
    <ClCompile Include="10167.cpp">
      <Filter>소스 파일\10000</Filter>
    </ClCompile>
    <ClCompile Include="10539.cpp">
      <Filter>소스 파일\10000</Filter>
    </ClCompile>
    <ClCompile Include="10814.cpp">
      <Filter>소스 파일\10000</Filter>
    </ClCompile>
    <ClCompile Include="10819.cpp">
      <Filter>소스 파일\10000</Filter>
    </ClCompile>
    <ClCompile Include="10844.cpp">
      <Filter>소스 파일\10000</Filter>
    </ClCompile>
    <ClCompile Include="10971.cpp">
      <Filter>소스 파일\10000</Filter>
    </ClCompile>
    <ClCompile Include="10989.cpp">
      <Filter>소스 파일\10000</Filter>
    </ClCompile>
    <ClCompile Include="10999.cpp">
      <Filter>소스 파일\10000</Filter>
    </ClCompile>
    <ClCompile Include="11050.cpp">
      <Filter>소스 파일\11000</Filter>
    </ClCompile>
    <ClCompile Include="11051.cpp">
      <Filter>소스 파일\11000</Filter>
    </ClCompile>
    <ClCompile Include="11052.cpp">
      <Filter>소스 파일\11000</Filter>
    </ClCompile>
    <ClCompile Include="11053.cpp">
      <Filter>소스 파일\11000</Filter>
    </ClCompile>
    <ClCompile Include="11054.cpp">
      <Filter>소스 파일\11000</Filter>
    </ClCompile>
    <ClCompile Include="11055.cpp">
      <Filter>소스 파일\11000</Filter>
    </ClCompile>
    <ClCompile Include="11057.cpp">
      <Filter>소스 파일\11000</Filter>
    </ClCompile>
    <ClCompile Include="11266.cpp">
      <Filter>소스 파일\11000</Filter>
    </ClCompile>
    <ClCompile Include="11400.cpp">
      <Filter>소스 파일\11000</Filter>
    </ClCompile>
    <ClCompile Include="11438.cpp">
      <Filter>소스 파일\11000</Filter>
    </ClCompile>
    <ClCompile Include="11505.cpp">
      <Filter>소스 파일\11000</Filter>
    </ClCompile>
    <ClCompile Include="11650.cpp">
      <Filter>소스 파일\11000</Filter>
    </ClCompile>
    <ClCompile Include="11651.cpp">
      <Filter>소스 파일\11000</Filter>
    </ClCompile>
    <ClCompile Include="11722.cpp">
      <Filter>소스 파일\11000</Filter>
    </ClCompile>
    <ClCompile Include="11726.cpp">
      <Filter>소스 파일\11000</Filter>
    </ClCompile>
    <ClCompile Include="11727.cpp">
      <Filter>소스 파일\11000</Filter>
    </ClCompile>
    <ClCompile Include="11758.cpp">
      <Filter>소스 파일\11000</Filter>
    </ClCompile>
    <ClCompile Include="12015.cpp">
      <Filter>소스 파일\12000</Filter>
    </ClCompile>
    <ClCompile Include="12016.cpp">
      <Filter>소스 파일\12000</Filter>
    </ClCompile>
    <ClCompile Include="12100.cpp">
      <Filter>소스 파일\12000</Filter>
    </ClCompile>
    <ClCompile Include="12738.cpp">
      <Filter>소스 파일\12000</Filter>
    </ClCompile>
    <ClCompile Include="12781.cpp">
      <Filter>소스 파일\12000</Filter>
    </ClCompile>
    <ClCompile Include="12837.cpp">
      <Filter>소스 파일\12000</Filter>
    </ClCompile>
    <ClCompile Include="12844.cpp">
      <Filter>소스 파일\12000</Filter>
    </ClCompile>
    <ClCompile Include="12846.cpp">
      <Filter>소스 파일\12000</Filter>
    </ClCompile>
    <ClCompile Include="13458.cpp">
      <Filter>소스 파일\13000</Filter>
    </ClCompile>
    <ClCompile Include="13460.cpp">
      <Filter>소스 파일\13000</Filter>
    </ClCompile>
    <ClCompile Include="14750.cpp">
      <Filter>소스 파일\14000</Filter>
    </ClCompile>
    <ClCompile Include="16205.cpp">
      <Filter>소스 파일\16000</Filter>
    </ClCompile>
    <ClCompile Include="16234.cpp">
      <Filter>소스 파일\16000</Filter>
    </ClCompile>
    <ClCompile Include="16235.cpp">
      <Filter>소스 파일\16000</Filter>
    </ClCompile>
    <ClCompile Include="17072.cpp">
      <Filter>소스 파일\17000</Filter>
    </ClCompile>
    <ClCompile Include="17293.cpp">
      <Filter>소스 파일\17000</Filter>
    </ClCompile>
    <ClCompile Include="17389.cpp">
      <Filter>소스 파일\17000</Filter>
    </ClCompile>
    <ClCompile Include="17406.cpp">
      <Filter>소스 파일\17000</Filter>
    </ClCompile>
    <ClCompile Include="16769.cpp">
      <Filter>소스 파일\16000</Filter>
    </ClCompile>
    <ClCompile Include="1074.cpp">
      <Filter>소스 파일\1000</Filter>
    </ClCompile>
    <ClCompile Include="17204.cpp">
      <Filter>소스 파일\17000</Filter>
    </ClCompile>
    <ClCompile Include="2480.cpp">
      <Filter>소스 파일\2000</Filter>
    </ClCompile>
    <ClCompile Include="15953.cpp">
      <Filter>소스 파일\15000</Filter>
    </ClCompile>
    <ClCompile Include="2484.cpp">
      <Filter>소스 파일\2000</Filter>
    </ClCompile>
    <ClCompile Include="17413.cpp">
      <Filter>소스 파일\17000</Filter>
    </ClCompile>
    <ClCompile Include="14620.cpp">
      <Filter>소스 파일\14000</Filter>
    </ClCompile>
    <ClCompile Include="16956.cpp">
      <Filter>소스 파일\16000</Filter>
    </ClCompile>
    <ClCompile Include="2290.cpp">
      <Filter>소스 파일\2000</Filter>
    </ClCompile>
    <ClCompile Include="1730.cpp">
      <Filter>소스 파일\1000</Filter>
    </ClCompile>
    <ClCompile Include="17088.cpp">
      <Filter>소스 파일\17000</Filter>
    </ClCompile>
    <ClCompile Include="2477.cpp">
      <Filter>소스 파일\2000</Filter>
    </ClCompile>
    <ClCompile Include="16768.cpp">
      <Filter>소스 파일\16000</Filter>
    </ClCompile>
    <ClCompile Include="3055.cpp">
      <Filter>소스 파일\3000</Filter>
    </ClCompile>
    <ClCompile Include="5427.cpp">
      <Filter>소스 파일\5000</Filter>
    </ClCompile>
    <ClCompile Include="2146.cpp">
      <Filter>소스 파일\2000</Filter>
    </ClCompile>
    <ClCompile Include="16507.cpp">
      <Filter>소스 파일\16000</Filter>
    </ClCompile>
    <ClCompile Include="14499.cpp">
      <Filter>소스 파일\14000</Filter>
    </ClCompile>
    <ClCompile Include="17471.cpp">
      <Filter>소스 파일\17000</Filter>
    </ClCompile>
    <ClCompile Include="14500.cpp">
      <Filter>소스 파일\14000</Filter>
    </ClCompile>
    <ClCompile Include="14501.cpp">
      <Filter>소스 파일\14000</Filter>
    </ClCompile>
    <ClCompile Include="14502.cpp">
      <Filter>소스 파일\14000</Filter>
    </ClCompile>
    <ClCompile Include="14503.cpp">
      <Filter>소스 파일\14000</Filter>
    </ClCompile>
    <ClCompile Include="14888.cpp">
      <Filter>소스 파일\14000</Filter>
    </ClCompile>
    <ClCompile Include="14889.cpp">
      <Filter>소스 파일\14000</Filter>
    </ClCompile>
    <ClCompile Include="14890.cpp">
      <Filter>소스 파일\14000</Filter>
    </ClCompile>
    <ClCompile Include="14891.cpp">
      <Filter>소스 파일\14000</Filter>
    </ClCompile>
    <ClCompile Include="15683.cpp">
      <Filter>소스 파일\15000</Filter>
    </ClCompile>
    <ClCompile Include="15684.cpp">
      <Filter>소스 파일\15000</Filter>
    </ClCompile>
  </ItemGroup>
</Project>