<?xml version="1.0" encoding="utf-8"?>
<Project ToolsVersion="4.0" xmlns="http://schemas.microsoft.com/developer/msbuild/2003">
  <ItemGroup>
    <Filter Include="소스 파일">
      <UniqueIdentifier>{4FC737F1-C7A5-4376-A066-2A32D752A2FF}</UniqueIdentifier>
      <Extensions>cpp;c;cc;cxx;def;odl;idl;hpj;bat;asm;asmx</Extensions>
    </Filter>
    <Filter Include="헤더 파일">
      <UniqueIdentifier>{93995380-89BD-4b04-88EB-625FBE52EBFB}</UniqueIdentifier>
      <Extensions>h;hh;hpp;hxx;hm;inl;inc;ipp;xsd</Extensions>
    </Filter>
    <Filter Include="리소스 파일">
      <UniqueIdentifier>{67DA6AB6-F800-4c08-8B7A-83BB121AAD01}</UniqueIdentifier>
      <Extensions>rc;ico;cur;bmp;dlg;rc2;rct;bin;rgs;gif;jpg;jpeg;jpe;resx;tiff;tif;png;wav;mfcribbon-ms</Extensions>
    </Filter>
  </ItemGroup>
  <ItemGroup>
    <ClCompile Include="1463.cpp">
      <Filter>소스 파일</Filter>
    </ClCompile>
    <ClCompile Include="11726.cpp">
      <Filter>소스 파일</Filter>
    </ClCompile>
    <ClCompile Include="11727.cpp">
      <Filter>소스 파일</Filter>
    </ClCompile>
    <ClCompile Include="9095.cpp">
      <Filter>소스 파일</Filter>
    </ClCompile>
    <ClCompile Include="10844.cpp">
      <Filter>소스 파일</Filter>
    </ClCompile>
    <ClCompile Include="11057.cpp">
      <Filter>소스 파일</Filter>
    </ClCompile>
    <ClCompile Include="2193.cpp">
      <Filter>소스 파일</Filter>
    </ClCompile>
    <ClCompile Include="9465.cpp">
      <Filter>소스 파일</Filter>
    </ClCompile>
    <ClCompile Include="2156.cpp">
      <Filter>소스 파일</Filter>
    </ClCompile>
    <ClCompile Include="11053.cpp">
      <Filter>소스 파일</Filter>
    </ClCompile>
    <ClCompile Include="11055.cpp">
      <Filter>소스 파일</Filter>
    </ClCompile>
    <ClCompile Include="11722.cpp">
      <Filter>소스 파일</Filter>
    </ClCompile>
    <ClCompile Include="11054.cpp">
      <Filter>소스 파일</Filter>
    </ClCompile>
    <ClCompile Include="1912.cpp">
      <Filter>소스 파일</Filter>
    </ClCompile>
    <ClCompile Include="2042.cpp">
      <Filter>소스 파일</Filter>
    </ClCompile>
    <ClCompile Include="2517.cpp">
      <Filter>소스 파일</Filter>
    </ClCompile>
    <ClCompile Include="2014.cpp">
      <Filter>소스 파일</Filter>
    </ClCompile>
    <ClCompile Include="2243.cpp">
      <Filter>소스 파일</Filter>
    </ClCompile>
    <ClCompile Include="3830.cpp">
      <Filter>소스 파일</Filter>
    </ClCompile>
    <ClCompile Include="3176.cpp">
      <Filter>소스 파일</Filter>
    </ClCompile>
    <ClCompile Include="11266.cpp">
      <Filter>소스 파일</Filter>
    </ClCompile>
    <ClCompile Include="11400.cpp">
      <Filter>소스 파일</Filter>
    </ClCompile>
    <ClCompile Include="11758.cpp">
      <Filter>소스 파일</Filter>
    </ClCompile>
    <ClCompile Include="12781.cpp">
      <Filter>소스 파일</Filter>
    </ClCompile>
    <ClCompile Include="14750.cpp">
      <Filter>소스 파일</Filter>
    </ClCompile>
    <ClCompile Include="2166.cpp">
      <Filter>소스 파일</Filter>
    </ClCompile>
    <ClCompile Include="2252.cpp">
      <Filter>소스 파일</Filter>
    </ClCompile>
    <ClCompile Include="1922.cpp">
      <Filter>소스 파일</Filter>
    </ClCompile>
    <ClCompile Include="11438.cpp">
      <Filter>소스 파일</Filter>
    </ClCompile>
    <ClCompile Include="2458.cpp">
      <Filter>소스 파일</Filter>
    </ClCompile>
    <ClCompile Include="11050.cpp">
      <Filter>소스 파일</Filter>
    </ClCompile>
    <ClCompile Include="11051.cpp">
      <Filter>소스 파일</Filter>
    </ClCompile>
    <ClCompile Include="1256.cpp">
      <Filter>소스 파일</Filter>
    </ClCompile>
    <ClCompile Include="5557.cpp">
      <Filter>소스 파일</Filter>
    </ClCompile>
    <ClCompile Include="5573.cpp">
      <Filter>소스 파일</Filter>
    </ClCompile>
    <ClCompile Include="5569.cpp">
      <Filter>소스 파일</Filter>
    </ClCompile>
    <ClCompile Include="10999.cpp">
      <Filter>소스 파일</Filter>
    </ClCompile>
    <ClCompile Include="6549.cpp">
      <Filter>소스 파일</Filter>
    </ClCompile>
    <ClCompile Include="12015.cpp">
      <Filter>소스 파일</Filter>
    </ClCompile>
    <ClCompile Include="12738.cpp">
      <Filter>소스 파일</Filter>
    </ClCompile>
    <ClCompile Include="2336.cpp">
      <Filter>소스 파일</Filter>
    </ClCompile>
    <ClCompile Include="3006.cpp">
      <Filter>소스 파일</Filter>
    </ClCompile>
    <ClCompile Include="11505.cpp">
      <Filter>소스 파일</Filter>
    </ClCompile>
    <ClCompile Include="2357.cpp">
      <Filter>소스 파일</Filter>
    </ClCompile>
    <ClCompile Include="0.cpp">
      <Filter>소스 파일</Filter>
    </ClCompile>
    <ClCompile Include="12837.cpp">
      <Filter>소스 파일</Filter>
    </ClCompile>
    <ClCompile Include="1275.cpp">
      <Filter>소스 파일</Filter>
    </ClCompile>
    <ClCompile Include="2268.cpp">
      <Filter>소스 파일</Filter>
    </ClCompile>
    <ClCompile Include="3745.cpp">
      <Filter>소스 파일</Filter>
    </ClCompile>
    <ClCompile Include="1365.cpp">
      <Filter>소스 파일</Filter>
    </ClCompile>
    <ClCompile Include="1280.cpp">
      <Filter>소스 파일</Filter>
    </ClCompile>
    <ClCompile Include="3653.cpp">
      <Filter>소스 파일</Filter>
    </ClCompile>
    <ClCompile Include="7578.cpp">
      <Filter>소스 파일</Filter>
    </ClCompile>
    <ClCompile Include="9345.cpp">
      <Filter>소스 파일</Filter>
    </ClCompile>
    <ClCompile Include="10167.cpp">
      <Filter>소스 파일</Filter>
    </ClCompile>
    <ClCompile Include="12016.cpp">
      <Filter>소스 파일</Filter>
    </ClCompile>
    <ClCompile Include="12844.cpp">
      <Filter>소스 파일</Filter>
    </ClCompile>
    <ClCompile Include="12846.cpp">
      <Filter>소스 파일</Filter>
    </ClCompile>
    <ClCompile Include="1321.cpp">
      <Filter>소스 파일</Filter>
    </ClCompile>
    <ClCompile Include="1849.cpp">
      <Filter>소스 파일</Filter>
    </ClCompile>
    <ClCompile Include="5419.cpp">
      <Filter>소스 파일</Filter>
    </ClCompile>
    <ClCompile Include="5676.cpp">
      <Filter>소스 파일</Filter>
    </ClCompile>
    <ClCompile Include="9426.cpp">
      <Filter>소스 파일</Filter>
    </ClCompile>
    <ClCompile Include="1168.cpp">
      <Filter>소스 파일</Filter>
    </ClCompile>
    <ClCompile Include="3002.cpp">
      <Filter>소스 파일</Filter>
    </ClCompile>
    <ClCompile Include="5012.cpp">
      <Filter>소스 파일</Filter>
    </ClCompile>
    <ClCompile Include="1395.cpp">
      <Filter>소스 파일</Filter>
    </ClCompile>
    <ClCompile Include="3392.cpp">
      <Filter>소스 파일</Filter>
    </ClCompile>
    <ClCompile Include="1666.cpp">
      <Filter>소스 파일</Filter>
    </ClCompile>
    <ClCompile Include="2579.cpp">
      <Filter>소스 파일</Filter>
    </ClCompile>
    <ClCompile Include="1699.cpp">
      <Filter>소스 파일</Filter>
    </ClCompile>
    <ClCompile Include="2133.cpp">
      <Filter>소스 파일</Filter>
    </ClCompile>
    <ClCompile Include="9461.cpp">
      <Filter>소스 파일</Filter>
    </ClCompile>
    <ClCompile Include="2225.cpp">
      <Filter>소스 파일</Filter>
    </ClCompile>
    <ClCompile Include="2011.cpp">
      <Filter>소스 파일</Filter>
    </ClCompile>
    <ClCompile Include="11052.cpp">
      <Filter>소스 파일</Filter>
    </ClCompile>
    <ClCompile Include="2751.cpp">
      <Filter>소스 파일</Filter>
    </ClCompile>
    <ClCompile Include="11650.cpp">
      <Filter>소스 파일</Filter>
    </ClCompile>
    <ClCompile Include="11651.cpp">
      <Filter>소스 파일</Filter>
    </ClCompile>
    <ClCompile Include="10814.cpp">
      <Filter>소스 파일</Filter>
    </ClCompile>
    <ClCompile Include="10989.cpp">
      <Filter>소스 파일</Filter>
    </ClCompile>
    <ClCompile Include="17406.cpp">
      <Filter>소스 파일</Filter>
    </ClCompile>
    <ClCompile Include="1476.cpp">
      <Filter>소스 파일</Filter>
    </ClCompile>
    <ClCompile Include="1107.cpp">
      <Filter>소스 파일</Filter>
    </ClCompile>
    <ClCompile Include="1451.cpp">
      <Filter>소스 파일</Filter>
    </ClCompile>
    <ClCompile Include="10819.cpp">
      <Filter>소스 파일</Filter>
    </ClCompile>
    <ClCompile Include="10971.cpp">
      <Filter>소스 파일</Filter>
    </ClCompile>
    <ClCompile Include="1697.cpp">
      <Filter>소스 파일</Filter>
    </ClCompile>
    <ClCompile Include="1963.cpp">
      <Filter>소스 파일</Filter>
    </ClCompile>
    <ClCompile Include="9019.cpp">
      <Filter>소스 파일</Filter>
    </ClCompile>
    <ClCompile Include="1525.cpp">
      <Filter>소스 파일</Filter>
    </ClCompile>
    <ClCompile Include="2251.cpp">
      <Filter>소스 파일</Filter>
    </ClCompile>
    <ClCompile Include="2186.cpp">
      <Filter>소스 파일</Filter>
    </ClCompile>
  </ItemGroup>
</Project>